
Microsoft Visual Studio Solution File, Format Version 12.00
# Visual Studio Version 16
VisualStudioVersion = 16.0.31829.152
MinimumVisualStudioVersion = 10.0.40219.1
Project("{FAE04EC0-301F-11D3-BF4B-00C04F79EFBC}") = "SuccClan", "SuccClan.csproj", "{40F3841D-C77A-410E-B500-40798CA4FBDB}"
EndProject
Global
	GlobalSection(SolutionConfigurationPlatforms) = preSolution
		Debug|Any CPU = Debug|Any CPU
		Release|Any CPU = Release|Any CPU
	EndGlobalSection
	GlobalSection(ProjectConfigurationPlatforms) = postSolution
		{40F3841D-C77A-410E-B500-40798CA4FBDB}.Debug|Any CPU.ActiveCfg = Debug|Any CPU
		{40F3841D-C77A-410E-B500-40798CA4FBDB}.Debug|Any CPU.Build.0 = Debug|Any CPU
		{40F3841D-C77A-410E-B500-40798CA4FBDB}.Release|Any CPU.ActiveCfg = Release|Any CPU
		{40F3841D-C77A-410E-B500-40798CA4FBDB}.Release|Any CPU.Build.0 = Release|Any CPU
	EndGlobalSection
	GlobalSection(SolutionProperties) = preSolution
		HideSolutionNode = FALSE
	EndGlobalSection
	GlobalSection(ExtensibilityGlobals) = postSolution
		SolutionGuid = {919E172B-8200-4695-8538-FF14E6D5D5CE}
	EndGlobalSection
EndGlobal
